// !$*UTF8*$!
{
	archiveVersion = 1;
	classes = {
	};
	objectVersion = 50;
	objects = {

/* Begin PBXBuildFile section */
		207BD24B253C846B00A402AE /* FlowerClassifier.mlmodel in Sources */ = {isa = PBXBuildFile; fileRef = 207BD24A253C846B00A402AE /* FlowerClassifier.mlmodel */; };
		20F1E72D25347C6500613A28 /* AppDelegate.swift in Sources */ = {isa = PBXBuildFile; fileRef = 20F1E72C25347C6500613A28 /* AppDelegate.swift */; };
		20F1E72F25347C6500613A28 /* SceneDelegate.swift in Sources */ = {isa = PBXBuildFile; fileRef = 20F1E72E25347C6500613A28 /* SceneDelegate.swift */; };
		20F1E73125347C6500613A28 /* ViewController.swift in Sources */ = {isa = PBXBuildFile; fileRef = 20F1E73025347C6500613A28 /* ViewController.swift */; };
		20F1E73425347C6500613A28 /* Main.storyboard in Resources */ = {isa = PBXBuildFile; fileRef = 20F1E73225347C6500613A28 /* Main.storyboard */; };
		20F1E73625347C6700613A28 /* Assets.xcassets in Resources */ = {isa = PBXBuildFile; fileRef = 20F1E73525347C6700613A28 /* Assets.xcassets */; };
		20F1E73925347C6700613A28 /* LaunchScreen.storyboard in Resources */ = {isa = PBXBuildFile; fileRef = 20F1E73725347C6700613A28 /* LaunchScreen.storyboard */; };
		20F1E74425347C6700613A28 /* flowerDetectorTests.swift in Sources */ = {isa = PBXBuildFile; fileRef = 20F1E74325347C6700613A28 /* flowerDetectorTests.swift */; };
		20F1E74F25347C6800613A28 /* flowerDetectorUITests.swift in Sources */ = {isa = PBXBuildFile; fileRef = 20F1E74E25347C6800613A28 /* flowerDetectorUITests.swift */; };
/* End PBXBuildFile section */

/* Begin PBXContainerItemProxy section */
		20F1E74025347C6700613A28 /* PBXContainerItemProxy */ = {
			isa = PBXContainerItemProxy;
			containerPortal = 20F1E72125347C6500613A28 /* Project object */;
			proxyType = 1;
			remoteGlobalIDString = 20F1E72825347C6500613A28;
			remoteInfo = flowerDetector;
		};
		20F1E74B25347C6700613A28 /* PBXContainerItemProxy */ = {
			isa = PBXContainerItemProxy;
			containerPortal = 20F1E72125347C6500613A28 /* Project object */;
			proxyType = 1;
			remoteGlobalIDString = 20F1E72825347C6500613A28;
			remoteInfo = flowerDetector;
		};
/* End PBXContainerItemProxy section */

/* Begin PBXFileReference section */
		207BD24A253C846B00A402AE /* FlowerClassifier.mlmodel */ = {isa = PBXFileReference; lastKnownFileType = file.mlmodel; path = FlowerClassifier.mlmodel; sourceTree = "<group>"; };
		20F1E72925347C6500613A28 /* flowerDetector.app */ = {isa = PBXFileReference; explicitFileType = wrapper.application; includeInIndex = 0; path = flowerDetector.app; sourceTree = BUILT_PRODUCTS_DIR; };
		20F1E72C25347C6500613A28 /* AppDelegate.swift */ = {isa = PBXFileReference; lastKnownFileType = sourcecode.swift; path = AppDelegate.swift; sourceTree = "<group>"; };
		20F1E72E25347C6500613A28 /* SceneDelegate.swift */ = {isa = PBXFileReference; lastKnownFileType = sourcecode.swift; path = SceneDelegate.swift; sourceTree = "<group>"; };
		20F1E73025347C6500613A28 /* ViewController.swift */ = {isa = PBXFileReference; lastKnownFileType = sourcecode.swift; path = ViewController.swift; sourceTree = "<group>"; };
		20F1E73325347C6500613A28 /* Base */ = {isa = PBXFileReference; lastKnownFileType = file.storyboard; name = Base; path = Base.lproj/Main.storyboard; sourceTree = "<group>"; };
		20F1E73525347C6700613A28 /* Assets.xcassets */ = {isa = PBXFileReference; lastKnownFileType = folder.assetcatalog; path = Assets.xcassets; sourceTree = "<group>"; };
		20F1E73825347C6700613A28 /* Base */ = {isa = PBXFileReference; lastKnownFileType = file.storyboard; name = Base; path = Base.lproj/LaunchScreen.storyboard; sourceTree = "<group>"; };
		20F1E73A25347C6700613A28 /* Info.plist */ = {isa = PBXFileReference; lastKnownFileType = text.plist.xml; path = Info.plist; sourceTree = "<group>"; };
		20F1E73F25347C6700613A28 /* flowerDetectorTests.xctest */ = {isa = PBXFileReference; explicitFileType = wrapper.cfbundle; includeInIndex = 0; path = flowerDetectorTests.xctest; sourceTree = BUILT_PRODUCTS_DIR; };
		20F1E74325347C6700613A28 /* flowerDetectorTests.swift */ = {isa = PBXFileReference; lastKnownFileType = sourcecode.swift; path = flowerDetectorTests.swift; sourceTree = "<group>"; };
		20F1E74525347C6700613A28 /* Info.plist */ = {isa = PBXFileReference; lastKnownFileType = text.plist.xml; path = Info.plist; sourceTree = "<group>"; };
		20F1E74A25347C6700613A28 /* flowerDetectorUITests.xctest */ = {isa = PBXFileReference; explicitFileType = wrapper.cfbundle; includeInIndex = 0; path = flowerDetectorUITests.xctest; sourceTree = BUILT_PRODUCTS_DIR; };
		20F1E74E25347C6800613A28 /* flowerDetectorUITests.swift */ = {isa = PBXFileReference; lastKnownFileType = sourcecode.swift; path = flowerDetectorUITests.swift; sourceTree = "<group>"; };
		20F1E75025347C6800613A28 /* Info.plist */ = {isa = PBXFileReference; lastKnownFileType = text.plist.xml; path = Info.plist; sourceTree = "<group>"; };
/* End PBXFileReference section */

/* Begin PBXFrameworksBuildPhase section */
		20F1E72625347C6500613A28 /* Frameworks */ = {
			isa = PBXFrameworksBuildPhase;
			buildActionMask = 2147483647;
			files = (
			);
			runOnlyForDeploymentPostprocessing = 0;
		};
		20F1E73C25347C6700613A28 /* Frameworks */ = {
			isa = PBXFrameworksBuildPhase;
			buildActionMask = 2147483647;
			files = (
			);
			runOnlyForDeploymentPostprocessing = 0;
		};
		20F1E74725347C6700613A28 /* Frameworks */ = {
			isa = PBXFrameworksBuildPhase;
			buildActionMask = 2147483647;
			files = (
			);
			runOnlyForDeploymentPostprocessing = 0;
		};
/* End PBXFrameworksBuildPhase section */

/* Begin PBXGroup section */
		20F1E72025347C6500613A28 = {
			isa = PBXGroup;
			children = (
				20F1E72B25347C6500613A28 /* flowerDetector */,
				20F1E74225347C6700613A28 /* flowerDetectorTests */,
				20F1E74D25347C6800613A28 /* flowerDetectorUITests */,
				20F1E72A25347C6500613A28 /* Products */,
			);
			sourceTree = "<group>";
		};
		20F1E72A25347C6500613A28 /* Products */ = {
			isa = PBXGroup;
			children = (
				20F1E72925347C6500613A28 /* flowerDetector.app */,
				20F1E73F25347C6700613A28 /* flowerDetectorTests.xctest */,
				20F1E74A25347C6700613A28 /* flowerDetectorUITests.xctest */,
			);
			name = Products;
			sourceTree = "<group>";
		};
		20F1E72B25347C6500613A28 /* flowerDetector */ = {
			isa = PBXGroup;
			children = (
				20F1E72C25347C6500613A28 /* AppDelegate.swift */,
				20F1E72E25347C6500613A28 /* SceneDelegate.swift */,
				20F1E73025347C6500613A28 /* ViewController.swift */,
				20F1E73225347C6500613A28 /* Main.storyboard */,
				20F1E73525347C6700613A28 /* Assets.xcassets */,
				20F1E73725347C6700613A28 /* LaunchScreen.storyboard */,
				20F1E73A25347C6700613A28 /* Info.plist */,
				207BD24A253C846B00A402AE /* FlowerClassifier.mlmodel */,
			);
			path = flowerDetector;
			sourceTree = "<group>";
		};
		20F1E74225347C6700613A28 /* flowerDetectorTests */ = {
			isa = PBXGroup;
			children = (
				20F1E74325347C6700613A28 /* flowerDetectorTests.swift */,
				20F1E74525347C6700613A28 /* Info.plist */,
			);
			path = flowerDetectorTests;
			sourceTree = "<group>";
		};
		20F1E74D25347C6800613A28 /* flowerDetectorUITests */ = {
			isa = PBXGroup;
			children = (
				20F1E74E25347C6800613A28 /* flowerDetectorUITests.swift */,
				20F1E75025347C6800613A28 /* Info.plist */,
			);
			path = flowerDetectorUITests;
			sourceTree = "<group>";
		};
/* End PBXGroup section */

/* Begin PBXNativeTarget section */
		20F1E72825347C6500613A28 /* flowerDetector */ = {
			isa = PBXNativeTarget;
			buildConfigurationList = 20F1E75325347C6800613A28 /* Build configuration list for PBXNativeTarget "flowerDetector" */;
			buildPhases = (
				20F1E72525347C6500613A28 /* Sources */,
				20F1E72625347C6500613A28 /* Frameworks */,
				20F1E72725347C6500613A28 /* Resources */,
			);
			buildRules = (
			);
			dependencies = (
			);
			name = flowerDetector;
			productName = flowerDetector;
			productReference = 20F1E72925347C6500613A28 /* flowerDetector.app */;
			productType = "com.apple.product-type.application";
		};
		20F1E73E25347C6700613A28 /* flowerDetectorTests */ = {
			isa = PBXNativeTarget;
			buildConfigurationList = 20F1E75625347C6800613A28 /* Build configuration list for PBXNativeTarget "flowerDetectorTests" */;
			buildPhases = (
				20F1E73B25347C6700613A28 /* Sources */,
				20F1E73C25347C6700613A28 /* Frameworks */,
				20F1E73D25347C6700613A28 /* Resources */,
			);
			buildRules = (
			);
			dependencies = (
				20F1E74125347C6700613A28 /* PBXTargetDependency */,
			);
			name = flowerDetectorTests;
			productName = flowerDetectorTests;
			productReference = 20F1E73F25347C6700613A28 /* flowerDetectorTests.xctest */;
			productType = "com.apple.product-type.bundle.unit-test";
		};
		20F1E74925347C6700613A28 /* flowerDetectorUITests */ = {
			isa = PBXNativeTarget;
			buildConfigurationList = 20F1E75925347C6800613A28 /* Build configuration list for PBXNativeTarget "flowerDetectorUITests" */;
			buildPhases = (
				20F1E74625347C6700613A28 /* Sources */,
				20F1E74725347C6700613A28 /* Frameworks */,
				20F1E74825347C6700613A28 /* Resources */,
			);
			buildRules = (
			);
			dependencies = (
				20F1E74C25347C6700613A28 /* PBXTargetDependency */,
			);
			name = flowerDetectorUITests;
			productName = flowerDetectorUITests;
			productReference = 20F1E74A25347C6700613A28 /* flowerDetectorUITests.xctest */;
			productType = "com.apple.product-type.bundle.ui-testing";
		};
/* End PBXNativeTarget section */

/* Begin PBXProject section */
		20F1E72125347C6500613A28 /* Project object */ = {
			isa = PBXProject;
			attributes = {
				LastSwiftUpdateCheck = 1200;
				LastUpgradeCheck = 1200;
				TargetAttributes = {
					20F1E72825347C6500613A28 = {
						CreatedOnToolsVersion = 12.0.1;
					};
					20F1E73E25347C6700613A28 = {
						CreatedOnToolsVersion = 12.0.1;
						TestTargetID = 20F1E72825347C6500613A28;
					};
					20F1E74925347C6700613A28 = {
						CreatedOnToolsVersion = 12.0.1;
						TestTargetID = 20F1E72825347C6500613A28;
					};
				};
			};
			buildConfigurationList = 20F1E72425347C6500613A28 /* Build configuration list for PBXProject "flowerDetector" */;
			compatibilityVersion = "Xcode 9.3";
			developmentRegion = en;
			hasScannedForEncodings = 0;
			knownRegions = (
				en,
				Base,
			);
			mainGroup = 20F1E72025347C6500613A28;
			productRefGroup = 20F1E72A25347C6500613A28 /* Products */;
			projectDirPath = "";
			projectRoot = "";
			targets = (
				20F1E72825347C6500613A28 /* flowerDetector */,
				20F1E73E25347C6700613A28 /* flowerDetectorTests */,
				20F1E74925347C6700613A28 /* flowerDetectorUITests */,
			);
		};
/* End PBXProject section */

/* Begin PBXResourcesBuildPhase section */
		20F1E72725347C6500613A28 /* Resources */ = {
			isa = PBXResourcesBuildPhase;
			buildActionMask = 2147483647;
			files = (
				20F1E73925347C6700613A28 /* LaunchScreen.storyboard in Resources */,
				20F1E73625347C6700613A28 /* Assets.xcassets in Resources */,
				20F1E73425347C6500613A28 /* Main.storyboard in Resources */,
			);
			runOnlyForDeploymentPostprocessing = 0;
		};
		20F1E73D25347C6700613A28 /* Resources */ = {
			isa = PBXResourcesBuildPhase;
			buildActionMask = 2147483647;
			files = (
			);
			runOnlyForDeploymentPostprocessing = 0;
		};
		20F1E74825347C6700613A28 /* Resources */ = {
			isa = PBXResourcesBuildPhase;
			buildActionMask = 2147483647;
			files = (
			);
			runOnlyForDeploymentPostprocessing = 0;
		};
/* End PBXResourcesBuildPhase section */

/* Begin PBXSourcesBuildPhase section */
		20F1E72525347C6500613A28 /* Sources */ = {
			isa = PBXSourcesBuildPhase;
			buildActionMask = 2147483647;
			files = (
				207BD24B253C846B00A402AE /* FlowerClassifier.mlmodel in Sources */,
				20F1E73125347C6500613A28 /* ViewController.swift in Sources */,
				20F1E72D25347C6500613A28 /* AppDelegate.swift in Sources */,
				20F1E72F25347C6500613A28 /* SceneDelegate.swift in Sources */,
			);
			runOnlyForDeploymentPostprocessing = 0;
		};
		20F1E73B25347C6700613A28 /* Sources */ = {
			isa = PBXSourcesBuildPhase;
			buildActionMask = 2147483647;
			files = (
				20F1E74425347C6700613A28 /* flowerDetectorTests.swift in Sources */,
			);
			runOnlyForDeploymentPostprocessing = 0;
		};
		20F1E74625347C6700613A28 /* Sources */ = {
			isa = PBXSourcesBuildPhase;
			buildActionMask = 2147483647;
			files = (
				20F1E74F25347C6800613A28 /* flowerDetectorUITests.swift in Sources */,
			);
			runOnlyForDeploymentPostprocessing = 0;
		};
/* End PBXSourcesBuildPhase section */

/* Begin PBXTargetDependency section */
		20F1E74125347C6700613A28 /* PBXTargetDependency */ = {
			isa = PBXTargetDependency;
			target = 20F1E72825347C6500613A28 /* flowerDetector */;
			targetProxy = 20F1E74025347C6700613A28 /* PBXContainerItemProxy */;
		};
		20F1E74C25347C6700613A28 /* PBXTargetDependency */ = {
			isa = PBXTargetDependency;
			target = 20F1E72825347C6500613A28 /* flowerDetector */;
			targetProxy = 20F1E74B25347C6700613A28 /* PBXContainerItemProxy */;
		};
/* End PBXTargetDependency section */

/* Begin PBXVariantGroup section */
		20F1E73225347C6500613A28 /* Main.storyboard */ = {
			isa = PBXVariantGroup;
			children = (
				20F1E73325347C6500613A28 /* Base */,
			);
			name = Main.storyboard;
			sourceTree = "<group>";
		};
		20F1E73725347C6700613A28 /* LaunchScreen.storyboard */ = {
			isa = PBXVariantGroup;
			children = (
				20F1E73825347C6700613A28 /* Base */,
			);
			name = LaunchScreen.storyboard;
			sourceTree = "<group>";
		};
/* End PBXVariantGroup section */

/* Begin XCBuildConfiguration section */
		20F1E75125347C6800613A28 /* Debug */ = {
			isa = XCBuildConfiguration;
			buildSettings = {
				ALWAYS_SEARCH_USER_PATHS = NO;
				CLANG_ANALYZER_NONNULL = YES;
				CLANG_ANALYZER_NUMBER_OBJECT_CONVERSION = YES_AGGRESSIVE;
				CLANG_CXX_LANGUAGE_STANDARD = "gnu++14";
				CLANG_CXX_LIBRARY = "libc++";
				CLANG_ENABLE_MODULES = YES;
				CLANG_ENABLE_OBJC_ARC = YES;
				CLANG_ENABLE_OBJC_WEAK = YES;
				CLANG_WARN_BLOCK_CAPTURE_AUTORELEASING = YES;
				CLANG_WARN_BOOL_CONVERSION = YES;
				CLANG_WARN_COMMA = YES;
				CLANG_WARN_CONSTANT_CONVERSION = YES;
				CLANG_WARN_DEPRECATED_OBJC_IMPLEMENTATIONS = YES;
				CLANG_WARN_DIRECT_OBJC_ISA_USAGE = YES_ERROR;
				CLANG_WARN_DOCUMENTATION_COMMENTS = YES;
				CLANG_WARN_EMPTY_BODY = YES;
				CLANG_WARN_ENUM_CONVERSION = YES;
				CLANG_WARN_INFINITE_RECURSION = YES;
				CLANG_WARN_INT_CONVERSION = YES;
				CLANG_WARN_NON_LITERAL_NULL_CONVERSION = YES;
				CLANG_WARN_OBJC_IMPLICIT_RETAIN_SELF = YES;
				CLANG_WARN_OBJC_LITERAL_CONVERSION = YES;
				CLANG_WARN_OBJC_ROOT_CLASS = YES_ERROR;
				CLANG_WARN_QUOTED_INCLUDE_IN_FRAMEWORK_HEADER = YES;
				CLANG_WARN_RANGE_LOOP_ANALYSIS = YES;
				CLANG_WARN_STRICT_PROTOTYPES = YES;
				CLANG_WARN_SUSPICIOUS_MOVE = YES;
				CLANG_WARN_UNGUARDED_AVAILABILITY = YES_AGGRESSIVE;
				CLANG_WARN_UNREACHABLE_CODE = YES;
				CLANG_WARN__DUPLICATE_METHOD_MATCH = YES;
				COPY_PHASE_STRIP = NO;
				DEBUG_INFORMATION_FORMAT = dwarf;
				ENABLE_STRICT_OBJC_MSGSEND = YES;
				ENABLE_TESTABILITY = YES;
				GCC_C_LANGUAGE_STANDARD = gnu11;
				GCC_DYNAMIC_NO_PIC = NO;
				GCC_NO_COMMON_BLOCKS = YES;
				GCC_OPTIMIZATION_LEVEL = 0;
				GCC_PREPROCESSOR_DEFINITIONS = (
					"DEBUG=1",
					"$(inherited)",
				);
				GCC_WARN_64_TO_32_BIT_CONVERSION = YES;
				GCC_WARN_ABOUT_RETURN_TYPE = YES_ERROR;
				GCC_WARN_UNDECLARED_SELECTOR = YES;
				GCC_WARN_UNINITIALIZED_AUTOS = YES_AGGRESSIVE;
				GCC_WARN_UNUSED_FUNCTION = YES;
				GCC_WARN_UNUSED_VARIABLE = YES;
				IPHONEOS_DEPLOYMENT_TARGET = 14.0;
				MTL_ENABLE_DEBUG_INFO = INCLUDE_SOURCE;
				MTL_FAST_MATH = YES;
				ONLY_ACTIVE_ARCH = YES;
				SDKROOT = iphoneos;
				SWIFT_ACTIVE_COMPILATION_CONDITIONS = DEBUG;
				SWIFT_OPTIMIZATION_LEVEL = "-Onone";
			};
			name = Debug;
		};
		20F1E75225347C6800613A28 /* Release */ = {
			isa = XCBuildConfiguration;
			buildSettings = {
				ALWAYS_SEARCH_USER_PATHS = NO;
				CLANG_ANALYZER_NONNULL = YES;
				CLANG_ANALYZER_NUMBER_OBJECT_CONVERSION = YES_AGGRESSIVE;
				CLANG_CXX_LANGUAGE_STANDARD = "gnu++14";
				CLANG_CXX_LIBRARY = "libc++";
				CLANG_ENABLE_MODULES = YES;
				CLANG_ENABLE_OBJC_ARC = YES;
				CLANG_ENABLE_OBJC_WEAK = YES;
				CLANG_WARN_BLOCK_CAPTURE_AUTORELEASING = YES;
				CLANG_WARN_BOOL_CONVERSION = YES;
				CLANG_WARN_COMMA = YES;
				CLANG_WARN_CONSTANT_CONVERSION = YES;
				CLANG_WARN_DEPRECATED_OBJC_IMPLEMENTATIONS = YES;
				CLANG_WARN_DIRECT_OBJC_ISA_USAGE = YES_ERROR;
				CLANG_WARN_DOCUMENTATION_COMMENTS = YES;
				CLANG_WARN_EMPTY_BODY = YES;
				CLANG_WARN_ENUM_CONVERSION = YES;
				CLANG_WARN_INFINITE_RECURSION = YES;
				CLANG_WARN_INT_CONVERSION = YES;
				CLANG_WARN_NON_LITERAL_NULL_CONVERSION = YES;
				CLANG_WARN_OBJC_IMPLICIT_RETAIN_SELF = YES;
				CLANG_WARN_OBJC_LITERAL_CONVERSION = YES;
				CLANG_WARN_OBJC_ROOT_CLASS = YES_ERROR;
				CLANG_WARN_QUOTED_INCLUDE_IN_FRAMEWORK_HEADER = YES;
				CLANG_WARN_RANGE_LOOP_ANALYSIS = YES;
				CLANG_WARN_STRICT_PROTOTYPES = YES;
				CLANG_WARN_SUSPICIOUS_MOVE = YES;
				CLANG_WARN_UNGUARDED_AVAILABILITY = YES_AGGRESSIVE;
				CLANG_WARN_UNREACHABLE_CODE = YES;
				CLANG_WARN__DUPLICATE_METHOD_MATCH = YES;
				COPY_PHASE_STRIP = NO;
				DEBUG_INFORMATION_FORMAT = "dwarf-with-dsym";
				ENABLE_NS_ASSERTIONS = NO;
				ENABLE_STRICT_OBJC_MSGSEND = YES;
				GCC_C_LANGUAGE_STANDARD = gnu11;
				GCC_NO_COMMON_BLOCKS = YES;
				GCC_WARN_64_TO_32_BIT_CONVERSION = YES;
				GCC_WARN_ABOUT_RETURN_TYPE = YES_ERROR;
				GCC_WARN_UNDECLARED_SELECTOR = YES;
				GCC_WARN_UNINITIALIZED_AUTOS = YES_AGGRESSIVE;
				GCC_WARN_UNUSED_FUNCTION = YES;
				GCC_WARN_UNUSED_VARIABLE = YES;
				IPHONEOS_DEPLOYMENT_TARGET = 14.0;
				MTL_ENABLE_DEBUG_INFO = NO;
				MTL_FAST_MATH = YES;
				SDKROOT = iphoneos;
				SWIFT_COMPILATION_MODE = wholemodule;
				SWIFT_OPTIMIZATION_LEVEL = "-O";
				VALIDATE_PRODUCT = YES;
			};
			name = Release;
		};
		20F1E75425347C6800613A28 /* Debug */ = {
			isa = XCBuildConfiguration;
			buildSettings = {
				ASSETCATALOG_COMPILER_APPICON_NAME = AppIcon;
				ASSETCATALOG_COMPILER_GLOBAL_ACCENT_COLOR_NAME = AccentColor;
				CODE_SIGN_STYLE = Automatic;
				DEVELOPMENT_TEAM = K5BLPV6P8G;
				INFOPLIST_FILE = flowerDetector/Info.plist;
				LD_RUNPATH_SEARCH_PATHS = (
					"$(inherited)",
					"@executable_path/Frameworks",
				);
				PRODUCT_BUNDLE_IDENTIFIER = com.t.amd.flowerDetector;
				PRODUCT_NAME = "$(TARGET_NAME)";
				SWIFT_VERSION = 5.0;
				TARGETED_DEVICE_FAMILY = "1,2";
			};
			name = Debug;
		};
		20F1E75525347C6800613A28 /* Release */ = {
			isa = XCBuildConfiguration;
			buildSettings = {
				ASSETCATALOG_COMPILER_APPICON_NAME = AppIcon;
				ASSETCATALOG_COMPILER_GLOBAL_ACCENT_COLOR_NAME = AccentColor;
				CODE_SIGN_STYLE = Automatic;
				DEVELOPMENT_TEAM = K5BLPV6P8G;
				INFOPLIST_FILE = flowerDetector/Info.plist;
				LD_RUNPATH_SEARCH_PATHS = (
					"$(inherited)",
					"@executable_path/Frameworks",
				);
				PRODUCT_BUNDLE_IDENTIFIER = com.t.amd.flowerDetector;
				PRODUCT_NAME = "$(TARGET_NAME)";
				SWIFT_VERSION = 5.0;
				TARGETED_DEVICE_FAMILY = "1,2";
			};
			name = Release;
		};
		20F1E75725347C6800613A28 /* Debug */ = {
			isa = XCBuildConfiguration;
			buildSettings = {
				ALWAYS_EMBED_SWIFT_STANDARD_LIBRARIES = YES;
				BUNDLE_LOADER = "$(TEST_HOST)";
				CODE_SIGN_STYLE = Automatic;
				DEVELOPMENT_TEAM = K5BLPV6P8G;
				INFOPLIST_FILE = flowerDetectorTests/Info.plist;
				IPHONEOS_DEPLOYMENT_TARGET = 14.0;
				LD_RUNPATH_SEARCH_PATHS = (
					"$(inherited)",
					"@executable_path/Frameworks",
					"@loader_path/Frameworks",
				);
				PRODUCT_BUNDLE_IDENTIFIER = com.t.amd.flowerDetectorTests;
				PRODUCT_NAME = "$(TARGET_NAME)";
				SWIFT_VERSION = 5.0;
				TARGETED_DEVICE_FAMILY = "1,2";
				TEST_HOST = "$(BUILT_PRODUCTS_DIR)/flowerDetector.app/flowerDetector";
			};
			name = Debug;
		};
		20F1E75825347C6800613A28 /* Release */ = {
			isa = XCBuildConfiguration;
			buildSettings = {
				ALWAYS_EMBED_SWIFT_STANDARD_LIBRARIES = YES;
				BUNDLE_LOADER = "$(TEST_HOST)";
				CODE_SIGN_STYLE = Automatic;
				DEVELOPMENT_TEAM = K5BLPV6P8G;
				INFOPLIST_FILE = flowerDetectorTests/Info.plist;
				IPHONEOS_DEPLOYMENT_TARGET = 14.0;
				LD_RUNPATH_SEARCH_PATHS = (
					"$(inherited)",
					"@executable_path/Frameworks",
					"@loader_path/Frameworks",
				);
				PRODUCT_BUNDLE_IDENTIFIER = com.t.amd.flowerDetectorTests;
				PRODUCT_NAME = "$(TARGET_NAME)";
				SWIFT_VERSION = 5.0;
				TARGETED_DEVICE_FAMILY = "1,2";
				TEST_HOST = "$(BUILT_PRODUCTS_DIR)/flowerDetector.app/flowerDetector";
			};
			name = Release;
		};
		20F1E75A25347C6800613A28 /* Debug */ = {
			isa = XCBuildConfiguration;
			buildSettings = {
				ALWAYS_EMBED_SWIFT_STANDARD_LIBRARIES = YES;
				CODE_SIGN_STYLE = Automatic;
				DEVELOPMENT_TEAM = K5BLPV6P8G;
				INFOPLIST_FILE = flowerDetectorUITests/Info.plist;
				LD_RUNPATH_SEARCH_PATHS = (
					"$(inherited)",
					"@executable_path/Frameworks",
					"@loader_path/Frameworks",
				);
				PRODUCT_BUNDLE_IDENTIFIER = com.t.amd.flowerDetectorUITests;
				PRODUCT_NAME = "$(TARGET_NAME)";
				SWIFT_VERSION = 5.0;
				TARGETED_DEVICE_FAMILY = "1,2";
				TEST_TARGET_NAME = flowerDetector;
			};
			name = Debug;
		};
		20F1E75B25347C6800613A28 /* Release */ = {
			isa = XCBuildConfiguration;
			buildSettings = {
				ALWAYS_EMBED_SWIFT_STANDARD_LIBRARIES = YES;
				CODE_SIGN_STYLE = Automatic;
				DEVELOPMENT_TEAM = K5BLPV6P8G;
				INFOPLIST_FILE = flowerDetectorUITests/Info.plist;
				LD_RUNPATH_SEARCH_PATHS = (
					"$(inherited)",
					"@executable_path/Frameworks",
					"@loader_path/Frameworks",
				);
				PRODUCT_BUNDLE_IDENTIFIER = com.t.amd.flowerDetectorUITests;
				PRODUCT_NAME = "$(TARGET_NAME)";
				SWIFT_VERSION = 5.0;
				TARGETED_DEVICE_FAMILY = "1,2";
				TEST_TARGET_NAME = flowerDetector;
			};
			name = Release;
		};
/* End XCBuildConfiguration section */

/* Begin XCConfigurationList section */
		20F1E72425347C6500613A28 /* Build configuration list for PBXProject "flowerDetector" */ = {
			isa = XCConfigurationList;
			buildConfigurations = (
				20F1E75125347C6800613A28 /* Debug */,
				20F1E75225347C6800613A28 /* Release */,
			);
			defaultConfigurationIsVisible = 0;
			defaultConfigurationName = Release;
		};
		20F1E75325347C6800613A28 /* Build configuration list for PBXNativeTarget "flowerDetector" */ = {
			isa = XCConfigurationList;
			buildConfigurations = (
				20F1E75425347C6800613A28 /* Debug */,
				20F1E75525347C6800613A28 /* Release */,
			);
			defaultConfigurationIsVisible = 0;
			defaultConfigurationName = Release;
		};
		20F1E75625347C6800613A28 /* Build configuration list for PBXNativeTarget "flowerDetectorTests" */ = {
			isa = XCConfigurationList;
			buildConfigurations = (
				20F1E75725347C6800613A28 /* Debug */,
				20F1E75825347C6800613A28 /* Release */,
			);
			defaultConfigurationIsVisible = 0;
			defaultConfigurationName = Release;
		};
		20F1E75925347C6800613A28 /* Build configuration list for PBXNativeTarget "flowerDetectorUITests" */ = {
			isa = XCConfigurationList;
			buildConfigurations = (
				20F1E75A25347C6800613A28 /* Debug */,
				20F1E75B25347C6800613A28 /* Release */,
			);
			defaultConfigurationIsVisible = 0;
			defaultConfigurationName = Release;
		};
/* End XCConfigurationList section */
	};
	rootObject = 20F1E72125347C6500613A28 /* Project object */;
}
